<?xml version="1.0" encoding="utf-8"?>
<Project ToolsVersion="4.0" xmlns="http://schemas.microsoft.com/developer/msbuild/2003">
  <ItemGroup>
    <Filter Include="Source Files">
      <UniqueIdentifier>{4FC737F1-C7A5-4376-A066-2A32D752A2FF}</UniqueIdentifier>
      <Extensions>cpp;c;cc;cxx;def;odl;idl;hpj;bat;asm;asmx</Extensions>
    </Filter>
    <Filter Include="Header Files">
      <UniqueIdentifier>{93995380-89BD-4b04-88EB-625FBE52EBFB}</UniqueIdentifier>
      <Extensions>h;hpp;hxx;hm;inl;inc;xsd</Extensions>
    </Filter>
    <Filter Include="Resource Files">
      <UniqueIdentifier>{67DA6AB6-F800-4c08-8B7A-83BB121AAD01}</UniqueIdentifier>
      <Extensions>rc;ico;cur;bmp;dlg;rc2;rct;bin;rgs;gif;jpg;jpeg;jpe;resx;tiff;tif;png;wav</Extensions>
    </Filter>
  </ItemGroup>
  <ItemGroup>
    <ClCompile Include="AssemblyInfo.cpp">
      <Filter>Source Files</Filter>
    </ClCompile>
    <ClCompile Include="BrainStack.cpp">
      <Filter>Source Files</Filter>
    </ClCompile>
    <ClCompile Include="Critter.cpp">
      <Filter>Source Files</Filter>
    </ClCompile>
    <ClCompile Include="CritterList.cpp">
      <Filter>Source Files</Filter>
    </ClCompile>
    <ClCompile Include="Crusher.cpp">
      <Filter>Source Files</Filter>
    </ClCompile>
    <ClCompile Include="Evangelist.cpp">
      <Filter>Source Files</Filter>
    </ClCompile>
    <ClCompile Include="Final Project - Ant Farm.cpp">
      <Filter>Source Files</Filter>
    </ClCompile>
    <ClCompile Include="GameBoard.cpp">
      <Filter>Source Files</Filter>
    </ClCompile>
    <ClCompile Include="GameSquare.cpp">
      <Filter>Source Files</Filter>
    </ClCompile>
    <ClCompile Include="Harvester.cpp">
      <Filter>Source Files</Filter>
    </ClCompile>
    <ClCompile Include="Killer.cpp">
      <Filter>Source Files</Filter>
    </ClCompile>
    <ClCompile Include="Mamma.cpp">
      <Filter>Source Files</Filter>
    </ClCompile>
    <ClCompile Include="stdafx.cpp">
      <Filter>Source Files</Filter>
    </ClCompile>
  </ItemGroup>
  <ItemGroup>
    <ClInclude Include="BrainStack.h">
      <Filter>Header Files</Filter>
    </ClInclude>
    <ClInclude Include="Critter.h">
      <Filter>Header Files</Filter>
    </ClInclude>
    <ClInclude Include="CritterList.h">
      <Filter>Header Files</Filter>
    </ClInclude>
    <ClInclude Include="Crusher.h">
      <Filter>Header Files</Filter>
    </ClInclude>
    <ClInclude Include="Evangelist.h">
      <Filter>Header Files</Filter>
    </ClInclude>
    <ClInclude Include="Form1.h">
      <Filter>Header Files</Filter>
    </ClInclude>
    <ClInclude Include="GameBoard.h">
      <Filter>Header Files</Filter>
    </ClInclude>
    <ClInclude Include="GameSquare.h">
      <Filter>Header Files</Filter>
    </ClInclude>
    <ClInclude Include="Harvester.h">
      <Filter>Header Files</Filter>
    </ClInclude>
    <ClInclude Include="Killer.h">
      <Filter>Header Files</Filter>
    </ClInclude>
    <ClInclude Include="Mamma.h">
      <Filter>Header Files</Filter>
    </ClInclude>
    <ClInclude Include="resource.h">
      <Filter>Header Files</Filter>
    </ClInclude>
    <ClInclude Include="stdafx.h">
      <Filter>Header Files</Filter>
    </ClInclude>
  </ItemGroup>
  <ItemGroup>
    <Image Include="app.ico">
      <Filter>Resource Files</Filter>
    </Image>
    <Image Include="Crusher (Blue).bmp">
      <Filter>Resource Files</Filter>
    </Image>
    <Image Include="Crusher (Red).bmp">
      <Filter>Resource Files</Filter>
    </Image>
    <Image Include="Evangelist (Blue).bmp">
      <Filter>Resource Files</Filter>
    </Image>
    <Image Include="Evangelist (Red).bmp">
      <Filter>Resource Files</Filter>
    </Image>
    <Image Include="food.bmp">
      <Filter>Resource Files</Filter>
    </Image>
    <Image Include="Grass.bmp">
      <Filter>Resource Files</Filter>
    </Image>
    <Image Include="Harvester (Blue).bmp">
      <Filter>Resource Files</Filter>
    </Image>
    <Image Include="Harvester (Red).bmp">
      <Filter>Resource Files</Filter>
    </Image>
    <Image Include="Killer (Blue).bmp">
      <Filter>Resource Files</Filter>
    </Image>
    <Image Include="Killer (Red).bmp">
      <Filter>Resource Files</Filter>
    </Image>
    <Image Include="Mamma (Blue).bmp">
      <Filter>Resource Files</Filter>
    </Image>
    <Image Include="Mamma (Red).bmp">
      <Filter>Resource Files</Filter>
    </Image>
    <Image Include="Wall.bmp">
      <Filter>Resource Files</Filter>
    </Image>
  </ItemGroup>
  <ItemGroup>
    <ResourceCompile Include="app.rc">
      <Filter>Resource Files</Filter>
    </ResourceCompile>
  </ItemGroup>
  <ItemGroup>
    <Text Include="ReadMe.txt" />
  </ItemGroup>
</Project>